{
  "name": "claude-log-analyzer",
  "version": "1.0.0",
  "lockfileVersion": 3,
  "requires": true,
  "packages": {
    "": {
      "name": "claude-log-analyzer",
      "version": "1.0.0",
      "dependencies": {
        "@supabase/supabase-js": "^2.39.0"
      },
      "devDependencies": {
        "netlify-cli": "^17.0.0"
      }
    },
    "node_modules/@supabase/auth-js": {
      "version": "2.72.0",
      "resolved": "https://registry.npmjs.org/@supabase/auth-js/-/auth-js-2.72.0.tgz",
      "integrity": "sha512-4+bnUrtTDK1YD0/FCx2YtMiQH5FGu9Jlf4IQi5kcqRwRwqp2ey39V61nHNdH86jm3DIzz0aZKiWfTW8qXk1swQ==",
      "license": "MIT",
      "dependencies": {
        "@supabase/node-fetch": "^2.6.14"
      }
    },
    "node_modules/@supabase/functions-js": {
      "version": "2.5.0",
      "resolved": "https://registry.npmjs.org/@supabase/functions-js/-/functions-js-2.5.0.tgz",
      "integrity": "sha512-SXBx6Jvp+MOBekeKFu+G11YLYPeVeGQl23eYyAG9+Ro0pQ1aIP0UZNIBxHKNHqxzR0L0n6gysNr2KT3841NATw==",
      "license": "MIT",
      "dependencies": {
        "@supabase/node-fetch": "^2.6.14"
      }
    },
    "node_modules/@supabase/node-fetch": {
      "version": "2.6.15",
      "resolved": "https://registry.npmjs.org/@supabase/node-fetch/-/node-fetch-2.6.15.tgz",
      "integrity": "sha512-1ibVeYUacxWYi9i0cf5efil6adJ9WRyZBLivgjs+AUpewx1F3xPi7gLgaASI2SmIQxPoCEjAsLAzKPgMJVgOUQ==",
      "license": "MIT",
      "dependencies": {
        "whatwg-url": "^5.0.0"
      },
      "engines": {
        "node": "4.x || >=6.0.0"
      }
    },
    "node_modules/@supabase/postgrest-js": {
      "version": "1.21.4",
      "resolved": "https://registry.npmjs.org/@supabase/postgrest-js/-/postgrest-js-1.21.4.tgz",
      "integrity": "sha512-TxZCIjxk6/dP9abAi89VQbWWMBbybpGWyvmIzTd79OeravM13OjR/YEYeyUOPcM1C3QyvXkvPZhUfItvmhY1IQ==",
      "license": "MIT",
      "dependencies": {
        "@supabase/node-fetch": "^2.6.14"
      }
    },
    "node_modules/@supabase/realtime-js": {
      "version": "2.15.5",
      "resolved": "https://registry.npmjs.org/@supabase/realtime-js/-/realtime-js-2.15.5.tgz",
      "integrity": "sha512-/Rs5Vqu9jejRD8ZeuaWXebdkH+J7V6VySbCZ/zQM93Ta5y3mAmocjioa/nzlB6qvFmyylUgKVS1KpE212t30OA==",
      "license": "MIT",
      "dependencies": {
        "@supabase/node-fetch": "^2.6.13",
        "@types/phoenix": "^1.6.6",
        "@types/ws": "^8.18.1",
        "ws": "^8.18.2"
      }
    },
    "node_modules/@supabase/storage-js": {
      "version": "2.12.2",
      "resolved": "https://registry.npmjs.org/@supabase/storage-js/-/storage-js-2.12.2.tgz",
      "integrity": "sha512-SiySHxi3q7gia7NBYpsYRu8gyI0NhFwSORMxbZIxJ/zAVkN6QpwDRan158CJ+UdzD4WB/rQMAGRqIJQP+7ccAQ==",
      "license": "MIT",
      "dependencies": {
        "@supabase/node-fetch": "^2.6.14"
      }
    },
    "node_modules/@supabase/supabase-js": {
      "version": "2.58.0",
      "resolved": "https://registry.npmjs.org/@supabase/supabase-js/-/supabase-js-2.58.0.tgz",
      "integrity": "sha512-Tm1RmQpoAKdQr4/8wiayGti/no+If7RtveVZjHR8zbO7hhQjmPW2Ok5ZBPf1MGkt5c+9R85AVMsTfSaqAP1sUg==",
      "license": "MIT",
      "dependencies": {
        "@supabase/auth-js": "2.72.0",
        "@supabase/functions-js": "2.5.0",
        "@supabase/node-fetch": "2.6.15",
        "@supabase/postgrest-js": "1.21.4",
        "@supabase/realtime-js": "2.15.5",
        "@supabase/storage-js": "2.12.2"
      }
    },
    "node_modules/@types/node": {
      "version": "24.6.2",
      "resolved": "https://registry.npmjs.org/@types/node/-/node-24.6.2.tgz",
      "integrity": "sha512-d2L25Y4j+W3ZlNAeMKcy7yDsK425ibcAOO2t7aPTz6gNMH0z2GThtwENCDc0d/Pw9wgyRqE5Px1wkV7naz8ang==",
      "license": "MIT",
      "dependencies": {
        "undici-types": "~7.13.0"
      }
    },
    "node_modules/@types/phoenix": {
      "version": "1.6.6",
      "resolved": "https://registry.npmjs.org/@types/phoenix/-/phoenix-1.6.6.tgz",
      "integrity": "sha512-PIzZZlEppgrpoT2QgbnDU+MMzuR6BbCjllj0bM70lWoejMeNJAxCchxnv7J3XFkI8MpygtRpzXrIlmWUBclP5A==",
      "license": "MIT"
    },
    "node_modules/@types/ws": {
      "version": "8.18.1",
      "resolved": "https://registry.npmjs.org/@types/ws/-/ws-8.18.1.tgz",
      "integrity": "sha512-ThVF6DCVhA8kUGy+aazFQ4kXQ7E1Ty7A3ypFOe0IcJV8O/M511G99AW24irKrW56Wt44yG9+ij8FaqoBGkuBXg==",
      "license": "MIT",
      "dependencies": {
        "@types/node": "*"
      }
    },
    "node_modules/netlify-cli": {
      "version": "17.38.1",
      "resolved": "https://registry.npmjs.org/netlify-cli/-/netlify-cli-17.38.1.tgz",
      "integrity": "sha512-9R7KYIJac0FPbgCgIG3UuBZB2QMmSBBMygAUfRzTjT6PLOYS6xVLAlmO4/upVdSu//gREimPLlKaYVNiH2lUqQ==",
      "dev": true,
      "hasInstallScript": true,
      "hasShrinkwrap": true,
      "license": "MIT",
      "dependencies": {
        "@bugsnag/js": "7.25.0",
        "@fastify/static": "7.0.4",
        "@netlify/blobs": "8.1.0",
        "@netlify/build": "29.58.0",
        "@netlify/build-info": "7.17.0",
        "@netlify/config": "20.21.0",
        "@netlify/edge-bundler": "12.3.1",
        "@netlify/edge-functions": "2.11.1",
        "@netlify/headers-parser": "7.3.0",
        "@netlify/local-functions-proxy": "1.1.1",
        "@netlify/redirect-parser": "14.5.0",
        "@netlify/zip-it-and-ship-it": "9.42.1",
        "@octokit/rest": "20.1.1",
        "@opentelemetry/api": "1.8.0",
        "ansi-escapes": "7.0.0",
        "ansi-styles": "6.2.1",
        "ansi-to-html": "0.7.2",
        "ascii-table": "0.0.9",
        "backoff": "2.5.0",
        "better-opn": "3.0.2",
        "boxen": "7.1.1",
        "chalk": "5.3.0",
        "chokidar": "3.6.0",
        "ci-info": "4.1.0",
        "clean-deep": "3.4.0",
        "commander": "10.0.1",
        "comment-json": "4.2.5",
        "concordance": "5.0.4",
        "configstore": "6.0.0",
        "content-type": "1.0.5",
        "cookie": "0.7.2",
        "cron-parser": "4.9.0",
        "debug": "4.3.7",
        "decache": "4.6.2",
        "dot-prop": "9.0.0",
        "dotenv": "16.4.7",
        "env-paths": "3.0.0",
        "envinfo": "7.14.0",
        "etag": "1.8.1",
        "execa": "5.1.1",
        "express": "4.21.2",
        "express-logging": "1.1.1",
        "extract-zip": "2.0.1",
        "fastest-levenshtein": "1.0.16",
        "fastify": "4.28.1",
        "find-up": "7.0.0",
        "flush-write-stream": "2.0.0",
        "folder-walker": "3.2.0",
        "from2-array": "0.0.4",
        "fuzzy": "0.1.3",
        "get-port": "5.1.1",
        "gh-release-fetch": "4.0.3",
        "git-repo-info": "2.1.1",
        "gitconfiglocal": "2.1.0",
        "hasbin": "1.2.3",
        "hasha": "5.2.2",
        "http-proxy": "1.18.1",
        "http-proxy-middleware": "2.0.7",
        "https-proxy-agent": "7.0.5",
        "inquirer": "6.5.2",
        "inquirer-autocomplete-prompt": "1.4.0",
        "ipx": "2.1.0",
        "is-docker": "3.0.0",
        "is-stream": "4.0.1",
        "is-wsl": "3.1.0",
        "isexe": "3.1.1",
        "js-yaml": "4.1.0",
        "jsonwebtoken": "9.0.2",
        "jwt-decode": "4.0.0",
        "lambda-local": "2.2.0",
        "listr2": "8.2.5",
        "locate-path": "7.2.0",
        "lodash": "4.17.21",
        "log-symbols": "6.0.0",
        "log-update": "6.1.0",
        "maxstache": "1.0.7",
        "maxstache-stream": "1.0.4",
        "multiparty": "4.2.3",
        "netlify": "13.2.0",
        "netlify-redirector": "0.5.0",
        "node-fetch": "3.3.2",
        "node-version-alias": "3.4.1",
        "ora": "8.1.1",
        "p-filter": "4.1.0",
        "p-map": "7.0.2",
        "p-wait-for": "5.0.2",
        "parallel-transform": "1.2.0",
        "parse-github-url": "1.0.3",
        "parse-gitignore": "2.0.0",
        "path-key": "4.0.0",
        "prettyjson": "1.2.5",
        "pump": "3.0.2",
        "raw-body": "2.5.2",
        "read-package-up": "11.0.0",
        "readdirp": "3.6.0",
        "semver": "7.6.3",
        "source-map-support": "0.5.21",
        "strip-ansi-control-characters": "2.0.0",
        "tabtab": "3.0.2",
        "tempy": "3.1.0",
        "terminal-link": "3.0.0",
        "through2-filter": "4.0.0",
        "through2-map": "4.0.0",
        "toml": "3.0.0",
        "tomlify-j0.4": "3.0.0",
        "ulid": "2.3.0",
        "unixify": "1.0.0",
        "update-notifier": "7.3.1",
        "uuid": "9.0.1",
        "wait-port": "1.1.0",
        "write-file-atomic": "5.0.1",
        "ws": "8.18.0",
        "zod": "3.23.8"
      },
      "bin": {
        "netlify": "bin/run.js",
        "ntl": "bin/run.js"
      },
      "engines": {
        "node": ">=18.14.0"
      }
    },
    "node_modules/tr46": {
      "version": "0.0.3",
      "resolved": "https://registry.npmjs.org/tr46/-/tr46-0.0.3.tgz",
      "integrity": "sha512-N3WMsuqV66lT30CrXNbEjx4GEwlow3v6rr4mCcv6prnfwhS01rkgyFdjPNBYd9br7LpXV1+Emh01fHnq2Gdgrw==",
      "license": "MIT"
    },
    "node_modules/undici-types": {
      "version": "7.13.0",
      "resolved": "https://registry.npmjs.org/undici-types/-/undici-types-7.13.0.tgz",
      "integrity": "sha512-Ov2Rr9Sx+fRgagJ5AX0qvItZG/JKKoBRAVITs1zk7IqZGTJUwgUr7qoYBpWwakpWilTZFM98rG/AFRocu10iIQ==",
      "license": "MIT"
    },
    "node_modules/webidl-conversions": {
      "version": "3.0.1",
      "resolved": "https://registry.npmjs.org/webidl-conversions/-/webidl-conversions-3.0.1.tgz",
      "integrity": "sha512-2JAn3z8AR6rjK8Sm8orRC0h/bcl/DqL7tRPdGZ4I1CjdF+EaMLmYxBHyXuKL849eucPFhvBoxMsflfOb8kxaeQ==",
      "license": "BSD-2-Clause"
    },
    "node_modules/whatwg-url": {
      "version": "5.0.0",
      "resolved": "https://registry.npmjs.org/whatwg-url/-/whatwg-url-5.0.0.tgz",
      "integrity": "sha512-saE57nupxk6v3HY35+jzBwYa0rKSy0XR8JSxZPwgLr7ys0IBzhGviA1/TUGJLmSVqs8pb9AnvICXEuOHLprYTw==",
      "license": "MIT",
      "dependencies": {
        "tr46": "~0.0.3",
        "webidl-conversions": "^3.0.0"
      }
    },
    "node_modules/ws": {
      "version": "8.18.3",
      "resolved": "https://registry.npmjs.org/ws/-/ws-8.18.3.tgz",
      "integrity": "sha512-PEIGCY5tSlUt50cqyMXfCzX+oOPqN0vuGqWzbcJ2xvnkzkq46oOpz7dQaTDBdfICb4N14+GARUDw2XV2N4tvzg==",
      "license": "MIT",
      "engines": {
        "node": ">=10.0.0"
      },
      "peerDependencies": {
        "bufferutil": "^4.0.1",
        "utf-8-validate": ">=5.0.2"
      },
      "peerDependenciesMeta": {
        "bufferutil": {
          "optional": true
        },
        "utf-8-validate": {
          "optional": true
        }
      }
    }
  }
}
